
Microsoft Visual Studio Solution File, Format Version 12.00
# Visual Studio Express 2012 for Windows Desktop
Project("{FAE04EC0-301F-11D3-BF4B-00C04F79EFBC}") = "FrameParser", "FrameParse\FrameParser.csproj", "{70E4F7A8-83DC-4D13-B2CA-3421B2B9FFE3}"
EndProject
Project("{FAE04EC0-301F-11D3-BF4B-00C04F79EFBC}") = "CaptureConsole", "CaptureConsole\CaptureConsole.csproj", "{66BB11E7-9DD0-4929-9E39-D8E3EEDAA230}"
EndProject
Project("{FAE04EC0-301F-11D3-BF4B-00C04F79EFBC}") = "CaptureConsoleCmds", "CaptureConsole Cmds\CaptureConsoleCmds.csproj", "{66455201-9918-445B-8B5A-7FEAEBE0EE3D}"
EndProject
Global
	GlobalSection(SolutionConfigurationPlatforms) = preSolution
		Debug|Any CPU = Debug|Any CPU
		Debug|x64 = Debug|x64
		Debug|x86 = Debug|x86
		Release|Any CPU = Release|Any CPU
		Release|x64 = Release|x64
		Release|x86 = Release|x86
	EndGlobalSection
	GlobalSection(ProjectConfigurationPlatforms) = postSolution
		{70E4F7A8-83DC-4D13-B2CA-3421B2B9FFE3}.Debug|Any CPU.ActiveCfg = Debug|Any CPU
		{70E4F7A8-83DC-4D13-B2CA-3421B2B9FFE3}.Debug|Any CPU.Build.0 = Debug|Any CPU
		{70E4F7A8-83DC-4D13-B2CA-3421B2B9FFE3}.Debug|x64.ActiveCfg = Debug|x64
		{70E4F7A8-83DC-4D13-B2CA-3421B2B9FFE3}.Debug|x64.Build.0 = Debug|x64
		{70E4F7A8-83DC-4D13-B2CA-3421B2B9FFE3}.Debug|x86.ActiveCfg = Debug|Any CPU
		{70E4F7A8-83DC-4D13-B2CA-3421B2B9FFE3}.Release|Any CPU.ActiveCfg = Release|Any CPU
		{70E4F7A8-83DC-4D13-B2CA-3421B2B9FFE3}.Release|Any CPU.Build.0 = Release|Any CPU
		{70E4F7A8-83DC-4D13-B2CA-3421B2B9FFE3}.Release|x64.ActiveCfg = Release|x64
		{70E4F7A8-83DC-4D13-B2CA-3421B2B9FFE3}.Release|x64.Build.0 = Release|x64
		{70E4F7A8-83DC-4D13-B2CA-3421B2B9FFE3}.Release|x86.ActiveCfg = Release|Any CPU
		{66BB11E7-9DD0-4929-9E39-D8E3EEDAA230}.Debug|Any CPU.ActiveCfg = Debug|Any CPU
		{66BB11E7-9DD0-4929-9E39-D8E3EEDAA230}.Debug|Any CPU.Build.0 = Debug|Any CPU
		{66BB11E7-9DD0-4929-9E39-D8E3EEDAA230}.Debug|x64.ActiveCfg = Debug|x64
		{66BB11E7-9DD0-4929-9E39-D8E3EEDAA230}.Debug|x64.Build.0 = Debug|x64
		{66BB11E7-9DD0-4929-9E39-D8E3EEDAA230}.Debug|x86.ActiveCfg = Debug|x86
		{66BB11E7-9DD0-4929-9E39-D8E3EEDAA230}.Debug|x86.Build.0 = Debug|x86
		{66BB11E7-9DD0-4929-9E39-D8E3EEDAA230}.Release|Any CPU.ActiveCfg = Release|Any CPU
		{66BB11E7-9DD0-4929-9E39-D8E3EEDAA230}.Release|Any CPU.Build.0 = Release|Any CPU
		{66BB11E7-9DD0-4929-9E39-D8E3EEDAA230}.Release|x64.ActiveCfg = Release|x64
		{66BB11E7-9DD0-4929-9E39-D8E3EEDAA230}.Release|x64.Build.0 = Release|x64
		{66BB11E7-9DD0-4929-9E39-D8E3EEDAA230}.Release|x86.ActiveCfg = Release|x86
		{66BB11E7-9DD0-4929-9E39-D8E3EEDAA230}.Release|x86.Build.0 = Release|x86
		{66455201-9918-445B-8B5A-7FEAEBE0EE3D}.Debug|Any CPU.ActiveCfg = Debug|Any CPU
		{66455201-9918-445B-8B5A-7FEAEBE0EE3D}.Debug|Any CPU.Build.0 = Debug|Any CPU
		{66455201-9918-445B-8B5A-7FEAEBE0EE3D}.Debug|x64.ActiveCfg = Debug|x64
		{66455201-9918-445B-8B5A-7FEAEBE0EE3D}.Debug|x64.Build.0 = Debug|x64
		{66455201-9918-445B-8B5A-7FEAEBE0EE3D}.Debug|x86.ActiveCfg = Debug|x86
		{66455201-9918-445B-8B5A-7FEAEBE0EE3D}.Debug|x86.Build.0 = Debug|x86
		{66455201-9918-445B-8B5A-7FEAEBE0EE3D}.Release|Any CPU.ActiveCfg = Release|Any CPU
		{66455201-9918-445B-8B5A-7FEAEBE0EE3D}.Release|Any CPU.Build.0 = Release|Any CPU
		{66455201-9918-445B-8B5A-7FEAEBE0EE3D}.Release|x64.ActiveCfg = Release|x64
		{66455201-9918-445B-8B5A-7FEAEBE0EE3D}.Release|x64.Build.0 = Release|x64
		{66455201-9918-445B-8B5A-7FEAEBE0EE3D}.Release|x86.ActiveCfg = Release|x86
		{66455201-9918-445B-8B5A-7FEAEBE0EE3D}.Release|x86.Build.0 = Release|x86
	EndGlobalSection
	GlobalSection(SolutionProperties) = preSolution
		HideSolutionNode = FALSE
	EndGlobalSection
EndGlobal
